
Microsoft Visual Studio Solution File, Format Version 12.00
# Visual Studio Version 16
VisualStudioVersion = 16.0.28803.156
MinimumVisualStudioVersion = 10.0.40219.1
Project("{FAE04EC0-301F-11D3-BF4B-00C04F79EFBC}") = "RexburgBarrio20", "RexburgBarrio20\RexburgBarrio20.csproj", "{2C34B383-94F1-4385-972E-30A85C3468B6}"
EndProject
Global
	GlobalSection(SolutionConfigurationPlatforms) = preSolution
		Debug|Any CPU = Debug|Any CPU
		Release|Any CPU = Release|Any CPU
	EndGlobalSection
	GlobalSection(ProjectConfigurationPlatforms) = postSolution
		{2C34B383-94F1-4385-972E-30A85C3468B6}.Debug|Any CPU.ActiveCfg = Debug|Any CPU
		{2C34B383-94F1-4385-972E-30A85C3468B6}.Debug|Any CPU.Build.0 = Debug|Any CPU
		{2C34B383-94F1-4385-972E-30A85C3468B6}.Release|Any CPU.ActiveCfg = Release|Any CPU
		{2C34B383-94F1-4385-972E-30A85C3468B6}.Release|Any CPU.Build.0 = Release|Any CPU
	EndGlobalSection
	GlobalSection(SolutionProperties) = preSolution
		HideSolutionNode = FALSE
	EndGlobalSection
	GlobalSection(ExtensibilityGlobals) = postSolution
		SolutionGuid = {FA4CFD3A-F16A-4CD3-ACED-75FC926BBD01}
	EndGlobalSection
EndGlobal
